
Microsoft Visual Studio Solution File, Format Version 12.00
# Visual Studio Version 16
VisualStudioVersion = 16.0.29926.136
MinimumVisualStudioVersion = 10.0.40219.1
Project("{FAE04EC0-301F-11D3-BF4B-00C04F79EFBC}") = "Snake", "Snake\Snake.csproj", "{594B83E5-4818-4AB7-A316-1082157FC89C}"
EndProject
Global
	GlobalSection(SolutionConfigurationPlatforms) = preSolution
		Debug|Any CPU = Debug|Any CPU
		Release|Any CPU = Release|Any CPU
	EndGlobalSection
	GlobalSection(ProjectConfigurationPlatforms) = postSolution
		{594B83E5-4818-4AB7-A316-1082157FC89C}.Debug|Any CPU.ActiveCfg = Debug|Any CPU
		{594B83E5-4818-4AB7-A316-1082157FC89C}.Debug|Any CPU.Build.0 = Debug|Any CPU
		{594B83E5-4818-4AB7-A316-1082157FC89C}.Release|Any CPU.ActiveCfg = Release|Any CPU
		{594B83E5-4818-4AB7-A316-1082157FC89C}.Release|Any CPU.Build.0 = Release|Any CPU
	EndGlobalSection
	GlobalSection(SolutionProperties) = preSolution
		HideSolutionNode = FALSE
	EndGlobalSection
	GlobalSection(ExtensibilityGlobals) = postSolution
		SolutionGuid = {5818552E-E32E-47B3-AD35-9CB4441DDB23}
	EndGlobalSection
EndGlobal
